
Microsoft Visual Studio Solution File, Format Version 12.00
# Visual Studio 15
VisualStudioVersion = 15.0.27703.2047
MinimumVisualStudioVersion = 10.0.40219.1
Project("{FAE04EC0-301F-11D3-BF4B-00C04F79EFBC}") = "MainClient", "MainClient\MainClient.csproj", "{730E9366-F2FC-4D2E-A229-0CDC4A391F1C}"
EndProject
Global
	GlobalSection(SolutionConfigurationPlatforms) = preSolution
		Debug|Any CPU = Debug|Any CPU
		Release|Any CPU = Release|Any CPU
	EndGlobalSection
	GlobalSection(ProjectConfigurationPlatforms) = postSolution
		{730E9366-F2FC-4D2E-A229-0CDC4A391F1C}.Debug|Any CPU.ActiveCfg = Debug|Any CPU
		{730E9366-F2FC-4D2E-A229-0CDC4A391F1C}.Debug|Any CPU.Build.0 = Debug|Any CPU
		{730E9366-F2FC-4D2E-A229-0CDC4A391F1C}.Release|Any CPU.ActiveCfg = Release|Any CPU
		{730E9366-F2FC-4D2E-A229-0CDC4A391F1C}.Release|Any CPU.Build.0 = Release|Any CPU
	EndGlobalSection
	GlobalSection(SolutionProperties) = preSolution
		HideSolutionNode = FALSE
	EndGlobalSection
	GlobalSection(ExtensibilityGlobals) = postSolution
		SolutionGuid = {2994E4F3-C916-4AC4-850D-0E5AB7FD10A8}
	EndGlobalSection
EndGlobal
