
Microsoft Visual Studio Solution File, Format Version 12.00
# Visual Studio 15
VisualStudioVersion = 15.0.27703.2047
MinimumVisualStudioVersion = 10.0.40219.1
Project("{FAE04EC0-301F-11D3-BF4B-00C04F79EFBC}") = "MainClient", "MainClient\MainClient.csproj", "{730E9366-F2FC-4D2E-A229-0CDC4A391F1C}"
EndProject
Project("{FAE04EC0-301F-11D3-BF4B-00C04F79EFBC}") = "PK1_Client", "PK1_Client\PK1_Client.csproj", "{6EC575E9-5508-41D3-B470-0F9AB737F11D}"
EndProject
Project("{FAE04EC0-301F-11D3-BF4B-00C04F79EFBC}") = "Resources", "Resources\Resources.csproj", "{6E76A945-061C-4A26-85BD-14292EF8C840}"
EndProject
Project("{FAE04EC0-301F-11D3-BF4B-00C04F79EFBC}") = "PK2_Client", "PK2_Client\PK2_Client.csproj", "{9E93432B-5D01-4985-B3FC-88365BF50FC4}"
EndProject
Project("{FAE04EC0-301F-11D3-BF4B-00C04F79EFBC}") = "WS1_WebService", "WS1_WebService\WS1_WebService.csproj", "{0920107B-4DBF-447C-B23A-F3CF1E288A89}"
EndProject
Project("{FAE04EC0-301F-11D3-BF4B-00C04F79EFBC}") = "WS2_WebService", "WS2_WebService\WS2_WebService.csproj", "{39FF8DB5-2557-4042-A102-64E5B1F67068}"
EndProject
Project("{FAE04EC0-301F-11D3-BF4B-00C04F79EFBC}") = "WS1_WindowsForms_Client", "WS1_WindowsFormsClient\WS1_WindowsForms_Client.csproj", "{4E271F97-8104-4E24-9BF7-C22AE440F9C1}"
	ProjectSection(ProjectDependencies) = postProject
		{0920107B-4DBF-447C-B23A-F3CF1E288A89} = {0920107B-4DBF-447C-B23A-F3CF1E288A89}
	EndProjectSection
EndProject
Project("{FAE04EC0-301F-11D3-BF4B-00C04F79EFBC}") = "WS1_Console_Client", "WS1_Console_Client\WS1_Console_Client.csproj", "{AC48E643-67D7-41FC-977C-DB7A265D809F}"
	ProjectSection(ProjectDependencies) = postProject
		{0920107B-4DBF-447C-B23A-F3CF1E288A89} = {0920107B-4DBF-447C-B23A-F3CF1E288A89}
	EndProjectSection
EndProject
Global
	GlobalSection(SolutionConfigurationPlatforms) = preSolution
		Debug|Any CPU = Debug|Any CPU
		Release|Any CPU = Release|Any CPU
	EndGlobalSection
	GlobalSection(ProjectConfigurationPlatforms) = postSolution
		{730E9366-F2FC-4D2E-A229-0CDC4A391F1C}.Debug|Any CPU.ActiveCfg = Debug|Any CPU
		{730E9366-F2FC-4D2E-A229-0CDC4A391F1C}.Debug|Any CPU.Build.0 = Debug|Any CPU
		{730E9366-F2FC-4D2E-A229-0CDC4A391F1C}.Release|Any CPU.ActiveCfg = Release|Any CPU
		{730E9366-F2FC-4D2E-A229-0CDC4A391F1C}.Release|Any CPU.Build.0 = Release|Any CPU
		{6EC575E9-5508-41D3-B470-0F9AB737F11D}.Debug|Any CPU.ActiveCfg = Debug|Any CPU
		{6EC575E9-5508-41D3-B470-0F9AB737F11D}.Debug|Any CPU.Build.0 = Debug|Any CPU
		{6EC575E9-5508-41D3-B470-0F9AB737F11D}.Release|Any CPU.ActiveCfg = Release|Any CPU
		{6EC575E9-5508-41D3-B470-0F9AB737F11D}.Release|Any CPU.Build.0 = Release|Any CPU
		{6E76A945-061C-4A26-85BD-14292EF8C840}.Debug|Any CPU.ActiveCfg = Debug|Any CPU
		{6E76A945-061C-4A26-85BD-14292EF8C840}.Debug|Any CPU.Build.0 = Debug|Any CPU
		{6E76A945-061C-4A26-85BD-14292EF8C840}.Release|Any CPU.ActiveCfg = Release|Any CPU
		{6E76A945-061C-4A26-85BD-14292EF8C840}.Release|Any CPU.Build.0 = Release|Any CPU
		{9E93432B-5D01-4985-B3FC-88365BF50FC4}.Debug|Any CPU.ActiveCfg = Debug|Any CPU
		{9E93432B-5D01-4985-B3FC-88365BF50FC4}.Debug|Any CPU.Build.0 = Debug|Any CPU
		{9E93432B-5D01-4985-B3FC-88365BF50FC4}.Release|Any CPU.ActiveCfg = Release|Any CPU
		{9E93432B-5D01-4985-B3FC-88365BF50FC4}.Release|Any CPU.Build.0 = Release|Any CPU
		{0920107B-4DBF-447C-B23A-F3CF1E288A89}.Debug|Any CPU.ActiveCfg = Debug|Any CPU
		{0920107B-4DBF-447C-B23A-F3CF1E288A89}.Debug|Any CPU.Build.0 = Debug|Any CPU
		{0920107B-4DBF-447C-B23A-F3CF1E288A89}.Release|Any CPU.ActiveCfg = Release|Any CPU
		{0920107B-4DBF-447C-B23A-F3CF1E288A89}.Release|Any CPU.Build.0 = Release|Any CPU
		{39FF8DB5-2557-4042-A102-64E5B1F67068}.Debug|Any CPU.ActiveCfg = Debug|Any CPU
		{39FF8DB5-2557-4042-A102-64E5B1F67068}.Debug|Any CPU.Build.0 = Debug|Any CPU
		{39FF8DB5-2557-4042-A102-64E5B1F67068}.Release|Any CPU.ActiveCfg = Release|Any CPU
		{39FF8DB5-2557-4042-A102-64E5B1F67068}.Release|Any CPU.Build.0 = Release|Any CPU
		{4E271F97-8104-4E24-9BF7-C22AE440F9C1}.Debug|Any CPU.ActiveCfg = Debug|Any CPU
		{4E271F97-8104-4E24-9BF7-C22AE440F9C1}.Debug|Any CPU.Build.0 = Debug|Any CPU
		{4E271F97-8104-4E24-9BF7-C22AE440F9C1}.Release|Any CPU.ActiveCfg = Release|Any CPU
		{4E271F97-8104-4E24-9BF7-C22AE440F9C1}.Release|Any CPU.Build.0 = Release|Any CPU
		{AC48E643-67D7-41FC-977C-DB7A265D809F}.Debug|Any CPU.ActiveCfg = Debug|Any CPU
		{AC48E643-67D7-41FC-977C-DB7A265D809F}.Debug|Any CPU.Build.0 = Debug|Any CPU
		{AC48E643-67D7-41FC-977C-DB7A265D809F}.Release|Any CPU.ActiveCfg = Release|Any CPU
		{AC48E643-67D7-41FC-977C-DB7A265D809F}.Release|Any CPU.Build.0 = Release|Any CPU
	EndGlobalSection
	GlobalSection(SolutionProperties) = preSolution
		HideSolutionNode = FALSE
	EndGlobalSection
	GlobalSection(ExtensibilityGlobals) = postSolution
		SolutionGuid = {2994E4F3-C916-4AC4-850D-0E5AB7FD10A8}
	EndGlobalSection
EndGlobal
